
Microsoft Visual Studio Solution File, Format Version 12.00
# Visual Studio Version 16
VisualStudioVersion = 16.0.30309.148
MinimumVisualStudioVersion = 10.0.40219.1
Project("{2150E333-8FDC-42A3-9474-1A3956D46DE8}") = "1.Stacks_and_Queues", "1.Stacks_and_Queues", "{13EA9169-4A68-40BE-AD2E-23FF29C8F027}"
EndProject
Project("{9A19103F-16F7-4668-BE54-9A1E7A4F7556}") = "01.ReversedString", "ReversedString\01.ReversedString.csproj", "{AC05ECA9-2F0D-4A95-B24F-1EAA487020C3}"
EndProject
Project("{2150E333-8FDC-42A3-9474-1A3956D46DE8}") = "Lab", "Lab", "{E8C97622-0983-4649-805A-4B44CBFC8A4E}"
EndProject
Project("{2150E333-8FDC-42A3-9474-1A3956D46DE8}") = "Exercise", "Exercise", "{E875740A-3A0B-4CDF-BCBB-9B07AEABA496}"
EndProject
Project("{9A19103F-16F7-4668-BE54-9A1E7A4F7556}") = "02.Calculator", "Calculator2\02.Calculator.csproj", "{613E55F4-77AB-4EC9-9FCE-4163A587B31D}"
EndProject
Project("{9A19103F-16F7-4668-BE54-9A1E7A4F7556}") = "03.StackSum", "03.StackSum\03.StackSum.csproj", "{AD3842E2-8B9C-4AE7-B8AE-E6BCEE0E3790}"
EndProject
Project("{9A19103F-16F7-4668-BE54-9A1E7A4F7556}") = "04.MatchingBrakets", "04.MatchingBrakets\04.MatchingBrakets.csproj", "{560A570A-D150-4DB8-8FB1-94FA69BA705B}"
EndProject
Project("{9A19103F-16F7-4668-BE54-9A1E7A4F7556}") = "07.HotPotato", "07.HotPotato\07.HotPotato.csproj", "{B6DAE5F5-BE5D-4BC2-9DB4-61DC5951828E}"
EndProject
Project("{9A19103F-16F7-4668-BE54-9A1E7A4F7556}") = "08.Traffic", "08.Traffic\08.Traffic.csproj", "{C1326A99-C788-47C5-8C40-5E4E640BFF16}"
EndProject
Project("{9A19103F-16F7-4668-BE54-9A1E7A4F7556}") = "01.Stacks", "01.Stacks\01.Stacks.csproj", "{8FC08039-95D0-4283-B04E-505CF36AED1C}"
EndProject
Project("{9A19103F-16F7-4668-BE54-9A1E7A4F7556}") = "02.Queues", "02.Queues\02.Queues.csproj", "{8225F030-BC78-413A-80A1-021F926D019F}"
EndProject
Project("{9A19103F-16F7-4668-BE54-9A1E7A4F7556}") = "03.MinMax", "03.MinMax\03.MinMax.csproj", "{66930298-E73B-4E8B-93B3-ADDDEBBCBA39}"
EndProject
Project("{9A19103F-16F7-4668-BE54-9A1E7A4F7556}") = "04.FastFood", "04.FastFood\04.FastFood.csproj", "{137D5174-C16F-46D5-84A5-7DE963366EB0}"
EndProject
Project("{9A19103F-16F7-4668-BE54-9A1E7A4F7556}") = "05.FashionShop", "05.FashionShop\05.FashionShop.csproj", "{B2D94C9F-6649-4E35-B97A-2287546AD6C0}"
EndProject
Project("{9A19103F-16F7-4668-BE54-9A1E7A4F7556}") = "06.SongQueue", "06.SongQueue\06.SongQueue.csproj", "{DABF5EC5-8B1F-4DCF-A2F0-7AD266932B89}"
EndProject
Project("{9A19103F-16F7-4668-BE54-9A1E7A4F7556}") = "07.TruckTour", "07.TruckTour\07.TruckTour.csproj", "{CA4D7DA8-D53A-463B-A1A5-61799D016195}"
EndProject
Project("{2150E333-8FDC-42A3-9474-1A3956D46DE8}") = "2.Multidimensional Arrays", "2.Multidimensional Arrays", "{7A6E1921-5594-45CB-B0E1-E2EABFDBCE24}"
EndProject
Project("{2150E333-8FDC-42A3-9474-1A3956D46DE8}") = "Lab", "Lab", "{106145B9-92AF-41AC-B58B-D471E2A96E52}"
EndProject
Project("{9A19103F-16F7-4668-BE54-9A1E7A4F7556}") = "01.Matrix", "01.Matrix\01.Matrix.csproj", "{371D9EE9-5E08-4B79-ADCD-805876590B2C}"
EndProject
Project("{9A19103F-16F7-4668-BE54-9A1E7A4F7556}") = "02.SumMatrixMathods", "02.SumMatrixMathods\02.SumMatrixMathods.csproj", "{61E78773-AC3D-49EF-8C5E-9E6153285BB5}"
EndProject
Project("{9A19103F-16F7-4668-BE54-9A1E7A4F7556}") = "Methods", "Methods\Methods.csproj", "{366A30E5-B50A-444E-B27A-5AAB2979DBB5}"
EndProject
Project("{9A19103F-16F7-4668-BE54-9A1E7A4F7556}") = "05.MaxSumSquare", "05.MaxSumSquare\05.MaxSumSquare.csproj", "{22AF7540-0793-4A6C-B73E-9D2E7957A3EA}"
EndProject
Project("{9A19103F-16F7-4668-BE54-9A1E7A4F7556}") = "06.JaggedArrayMod", "06.JaggedArrayMod\06.JaggedArrayMod.csproj", "{B4E96DF7-347B-46FD-B154-5D69352DC13B}"
EndProject
Project("{9A19103F-16F7-4668-BE54-9A1E7A4F7556}") = "07.PascalTriange", "07.PascalTriange\07.PascalTriange.csproj", "{E725B7B9-F08F-43CC-A876-058D4D7ED1A3}"
EndProject
Project("{2150E333-8FDC-42A3-9474-1A3956D46DE8}") = "Exercise", "Exercise", "{78E5A171-F82F-4A09-9215-B52A189F31B9}"
EndProject
Project("{9A19103F-16F7-4668-BE54-9A1E7A4F7556}") = "01.Diagonal", "01.Diagonal\01.Diagonal.csproj", "{034BD152-F3E1-4988-A1F5-C3FC3F18C65B}"
EndProject
Project("{9A19103F-16F7-4668-BE54-9A1E7A4F7556}") = "02.SquaresMatrix", "02.SquaresMatrix\02.SquaresMatrix.csproj", "{22552C65-6585-450C-853B-7DBD33C0D3C5}"
EndProject
Project("{9A19103F-16F7-4668-BE54-9A1E7A4F7556}") = "03.MaxSum", "03.MaxSum\03.MaxSum.csproj", "{5F895DE5-1693-4B08-B6C7-F66EB452292B}"
EndProject
Project("{9A19103F-16F7-4668-BE54-9A1E7A4F7556}") = "04.Shuffle", "04.Shuffle\04.Shuffle.csproj", "{B866344B-5C09-404E-9352-794A2BD58D37}"
EndProject
Project("{9A19103F-16F7-4668-BE54-9A1E7A4F7556}") = "05.Snake", "05.Snake\05.Snake.csproj", "{B19A8F4B-7A02-470B-AB58-EF6619A0DCC9}"
EndProject
Project("{9A19103F-16F7-4668-BE54-9A1E7A4F7556}") = "06.JaggedArrFailed", "06.JaggedArr\06.JaggedArrFailed.csproj", "{C663E519-0586-4916-A75D-F22C2BFDFA27}"
EndProject
Project("{9A19103F-16F7-4668-BE54-9A1E7A4F7556}") = "07.Knight", "07.Knight\07.Knight.csproj", "{C178DA5F-6339-4C30-BDB6-1D584560D49A}"
EndProject
Project("{9A19103F-16F7-4668-BE54-9A1E7A4F7556}") = "10.mutantBunny", "10.mutantBunny\10.mutantBunny.csproj", "{96C84088-69BC-40BF-8251-51769E468CEE}"
EndProject
Project("{2150E333-8FDC-42A3-9474-1A3956D46DE8}") = "3.SetsAndDictionary", "3.SetsAndDictionary", "{59A11F11-DA95-49F1-BA8F-54E70DB49CFB}"
EndProject
Project("{2150E333-8FDC-42A3-9474-1A3956D46DE8}") = "Lab", "Lab", "{073413CE-FE56-4029-B584-BFB1CF1948C5}"
EndProject
Project("{9A19103F-16F7-4668-BE54-9A1E7A4F7556}") = "01.Numbers", "01.Numbers\01.Numbers.csproj", "{7C27B071-0AE1-4022-85CA-496F724AD8DD}"
EndProject
Project("{9A19103F-16F7-4668-BE54-9A1E7A4F7556}") = "02.Grades", "02.Grades\02.Grades.csproj", "{FCA0E321-535C-4F61-926C-8CF74EDA4F6A}"
EndProject
Project("{9A19103F-16F7-4668-BE54-9A1E7A4F7556}") = "03.Shops", "03.Shops\03.Shops.csproj", "{EADC45CB-23F0-49B0-B6A5-92119AA4ACFA}"
EndProject
Project("{9A19103F-16F7-4668-BE54-9A1E7A4F7556}") = "04.Countries", "04.Countries\04.Countries.csproj", "{E872CA5B-2FCA-4C8E-907A-0186197C5042}"
EndProject
Project("{9A19103F-16F7-4668-BE54-9A1E7A4F7556}") = "06.HashSet", "06.HashSet\06.HashSet.csproj", "{E858F9AA-8D51-42FC-9FFD-73F3FF1FAFB7}"
EndProject
Project("{2150E333-8FDC-42A3-9474-1A3956D46DE8}") = "Exercise", "Exercise", "{3A79B09D-CD5E-4F21-A461-74ADF0671695}"
EndProject
Project("{9A19103F-16F7-4668-BE54-9A1E7A4F7556}") = "01.Usernames", "01.Usernames\01.Usernames.csproj", "{4805171F-CF94-4E6F-9296-20B2951ED54F}"
EndProject
Project("{9A19103F-16F7-4668-BE54-9A1E7A4F7556}") = "02.Sets", "02.Sets\02.Sets.csproj", "{BBC5CD40-E3D3-4340-9B79-6CF83876B321}"
EndProject
Project("{9A19103F-16F7-4668-BE54-9A1E7A4F7556}") = "03.ElementTable", "03.ElementTable\03.ElementTable.csproj", "{5B1E5B38-AB94-4FA5-802C-44CE71C77FB6}"
EndProject
Project("{9A19103F-16F7-4668-BE54-9A1E7A4F7556}") = "04.EvenTimeNum", "04.EvenTimeNum\04.EvenTimeNum.csproj", "{C0EDE214-FD1C-49D0-93FC-241CA5FE8F83}"
EndProject
Project("{9A19103F-16F7-4668-BE54-9A1E7A4F7556}") = "05.Symbols", "05.Symbols\05.Symbols.csproj", "{21F6D335-F3D1-4BB8-A5E3-370286575FB8}"
EndProject
Project("{9A19103F-16F7-4668-BE54-9A1E7A4F7556}") = "06.Warbode", "06.Warbode\06.Warbode.csproj", "{C8E5DE30-52B8-4A28-A3E6-FE96570FDCF2}"
EndProject
Project("{2150E333-8FDC-42A3-9474-1A3956D46DE8}") = "4.Streams", "4.Streams", "{31E4EBFA-524F-45AE-8DAC-32BFA0F67E37}"
EndProject
Project("{2150E333-8FDC-42A3-9474-1A3956D46DE8}") = "Lab", "Lab", "{174D90B2-9557-4A92-8248-860B91337EA6}"
EndProject
Project("{9A19103F-16F7-4668-BE54-9A1E7A4F7556}") = "01.OddLines", "01.OddLines\01.OddLines.csproj", "{58253E08-E7DD-45B2-9C8C-D7D09B64F6FE}"
EndProject
Project("{9A19103F-16F7-4668-BE54-9A1E7A4F7556}") = "02.LineNumbers", "02.LineNumbers\02.LineNumbers.csproj", "{69011EC3-E05E-4D1C-BD82-0ED0B4EBA835}"
EndProject
Project("{9A19103F-16F7-4668-BE54-9A1E7A4F7556}") = "05.SliceFile", "05.SliceFile\05.SliceFile.csproj", "{3A9F283D-D78D-41FB-A29B-B721B78CF9A7}"
EndProject
Project("{2150E333-8FDC-42A3-9474-1A3956D46DE8}") = "Exercise", "Exercise", "{B26AFA20-9212-4509-ADB7-C6E82FDF9F3A}"
EndProject
Project("{9A19103F-16F7-4668-BE54-9A1E7A4F7556}") = "01.EvenLines", "01.EvenLines\01.EvenLines.csproj", "{B3CEEFE2-F815-4287-9167-D7FC62B265C3}"
EndProject
Project("{9A19103F-16F7-4668-BE54-9A1E7A4F7556}") = "02.LineNums", "02.LineNums\02.LineNums.csproj", "{70AF4FDE-3F20-4AB2-897A-63C3E4500A98}"
EndProject
Project("{9A19103F-16F7-4668-BE54-9A1E7A4F7556}") = "03.WordCount", "03.WordCount\03.WordCount.csproj", "{9500BD47-3C21-4366-A74B-46E9BCE76907}"
EndProject
Project("{9A19103F-16F7-4668-BE54-9A1E7A4F7556}") = "04.binaryImage", "04.binaryImage\04.binaryImage.csproj", "{4D1A1551-7923-4C45-B172-39D866AA5FCC}"
EndProject
Project("{9A19103F-16F7-4668-BE54-9A1E7A4F7556}") = "05.DirectoryTraversal", "05.DirectoryTraversal\05.DirectoryTraversal.csproj", "{6B75B458-439A-4671-B567-0C25F6C9F19B}"
EndProject
Project("{2150E333-8FDC-42A3-9474-1A3956D46DE8}") = "5.FunctionalProgramming", "5.FunctionalProgramming", "{1E49C382-EDAC-41E5-A84C-8DD8D2681059}"
EndProject
Project("{2150E333-8FDC-42A3-9474-1A3956D46DE8}") = "Lab", "Lab", "{DF53A784-45FD-460C-BBE4-48020FA25ADE}"
EndProject
Project("{9A19103F-16F7-4668-BE54-9A1E7A4F7556}") = "01.SortEvenNumbers", "01.SortEvenNumbers\01.SortEvenNumbers.csproj", "{2F40E69F-C9F9-400E-B40A-7C0626E3E23F}"
EndProject
Project("{9A19103F-16F7-4668-BE54-9A1E7A4F7556}") = "02.SumNumbers", "02.SumNumbers\02.SumNumbers.csproj", "{1B78EBC4-E1E8-47E9-96BD-67623FE15783}"
EndProject
Project("{9A19103F-16F7-4668-BE54-9A1E7A4F7556}") = "03.UpperCaseWords", "03.UpperCaseWords\03.UpperCaseWords.csproj", "{D75FF8A7-10FC-46EB-B73D-FE5395561A72}"
EndProject
Project("{9A19103F-16F7-4668-BE54-9A1E7A4F7556}") = "04.VAT", "04.VAT\04.VAT.csproj", "{8D407B95-911B-4595-AD64-2F6A53D1E006}"
EndProject
Project("{9A19103F-16F7-4668-BE54-9A1E7A4F7556}") = "05.AgeFilter", "05.AgeFilter\05.AgeFilter.csproj", "{5E3B1523-90C5-4F1F-856E-F4C214509097}"
EndProject
Project("{2150E333-8FDC-42A3-9474-1A3956D46DE8}") = "Exercise", "Exercise", "{ABC01F70-6024-4E03-BAEE-5AF63303E5D6}"
EndProject
Project("{9A19103F-16F7-4668-BE54-9A1E7A4F7556}") = "01.AuctionPoint", "01.AuctionPoint\01.AuctionPoint.csproj", "{7D1F8F5D-9E09-4814-9C97-5F65ACF04370}"
EndProject
Project("{9A19103F-16F7-4668-BE54-9A1E7A4F7556}") = "02.Sir", "02.Sir\02.Sir.csproj", "{EC62A29A-7951-4C32-AB88-A9635349FBAD}"
EndProject
Project("{9A19103F-16F7-4668-BE54-9A1E7A4F7556}") = "03.MinFunc", "03.MinFunc\03.MinFunc.csproj", "{B15B039B-E7EC-4D2C-9806-0839578AF67F}"
EndProject
Project("{9A19103F-16F7-4668-BE54-9A1E7A4F7556}") = "04.GetEvenOrOddInRange", "04.GetEvenOrOddInRange\04.GetEvenOrOddInRange.csproj", "{26570A47-8B76-4F70-BB34-5E0A9F8F77A9}"
EndProject
Project("{9A19103F-16F7-4668-BE54-9A1E7A4F7556}") = "05.Calculator", "05.Calculator\05.Calculator.csproj", "{04990983-B43C-4E6C-81E6-EC67C86EF84A}"
EndProject
Project("{9A19103F-16F7-4668-BE54-9A1E7A4F7556}") = "06.ReverseAndDevide", "06.ReverseAndDevide\06.ReverseAndDevide.csproj", "{EE19C06B-4429-4239-8DA8-056C6E61D76E}"
EndProject
Project("{9A19103F-16F7-4668-BE54-9A1E7A4F7556}") = "07.NamesLessThan", "07.NamesLessThan\07.NamesLessThan.csproj", "{0170E7D9-A14F-4720-8832-90C4878C2A18}"
EndProject
Project("{9A19103F-16F7-4668-BE54-9A1E7A4F7556}") = "08.EvenTheBest", "08.EvenTheBest\08.EvenTheBest.csproj", "{8CCFEDE5-9EB3-4DA6-BD9F-EB8127796F6B}"
EndProject
Project("{9A19103F-16F7-4668-BE54-9A1E7A4F7556}") = "09.Deviders", "08.Deviders\09.Deviders.csproj", "{2E1A17CE-5DDF-4353-BDED-A758940E74C6}"
EndProject
Project("{2150E333-8FDC-42A3-9474-1A3956D46DE8}") = "6.DefiningClasses", "6.DefiningClasses", "{D8E05D5B-BA06-4800-8EB1-278EB3E55214}"
EndProject
Project("{2150E333-8FDC-42A3-9474-1A3956D46DE8}") = "Lab", "Lab", "{5887C990-A935-46D1-B9F3-08C973749B81}"
EndProject
Project("{9A19103F-16F7-4668-BE54-9A1E7A4F7556}") = "CarManufacturer", "CarManufacturer\CarManufacturer.csproj", "{C1B4DB07-EA22-4A16-B0C7-BBEDA969BAEA}"
EndProject
Project("{2150E333-8FDC-42A3-9474-1A3956D46DE8}") = "Exercise", "Exercise", "{745A53B1-2049-48C1-B5BF-FDA807CA23EA}"
EndProject
Project("{9A19103F-16F7-4668-BE54-9A1E7A4F7556}") = "01_04Person", "DefiningClasses\01_04Person.csproj", "{67CE800F-AB77-498D-B2A6-B6D38B6D59BA}"
EndProject
Project("{9A19103F-16F7-4668-BE54-9A1E7A4F7556}") = "05.DataMod", "05.DataMod\05.DataMod.csproj", "{96335A94-D295-4084-81B2-7B908AFE2510}"
EndProject
Project("{9A19103F-16F7-4668-BE54-9A1E7A4F7556}") = "06.SpeedRace", "06.SpeedRace\06.SpeedRace.csproj", "{EFC3E411-359A-44FF-88A3-5BA4BDE3BE09}"
EndProject
Project("{9A19103F-16F7-4668-BE54-9A1E7A4F7556}") = "07.RawData", "07.RawData\07.RawData.csproj", "{80C8F6AD-78CA-48D8-B5CF-4940FDBEB796}"
EndProject
Project("{9A19103F-16F7-4668-BE54-9A1E7A4F7556}") = "08.CarSaleman", "08.CarSaleman\08.CarSaleman.csproj", "{6003B9B0-5409-46C1-981F-0900D95B4CD6}"
EndProject
Project("{2150E333-8FDC-42A3-9474-1A3956D46DE8}") = "7.LinkedLists", "7.LinkedLists", "{E9A9E7A1-0F64-4056-A551-7DD73AC4FAEF}"
EndProject
Project("{9A19103F-16F7-4668-BE54-9A1E7A4F7556}") = "LinkedList", "LinkedList\LinkedList.csproj", "{3145B9B1-A57E-428B-B8C8-9FDC766483C8}"
EndProject
Project("{2150E333-8FDC-42A3-9474-1A3956D46DE8}") = "8.Generics", "8.Generics", "{C21C465E-E2CE-47D2-ADFC-276A78F410CD}"
EndProject
Project("{2150E333-8FDC-42A3-9474-1A3956D46DE8}") = "Lab", "Lab", "{B5CF4C39-E12C-4F92-983A-FA154AD5EF83}"
EndProject
Project("{9A19103F-16F7-4668-BE54-9A1E7A4F7556}") = "BoxOfT", "01.Box\BoxOfT.csproj", "{260CE12F-C322-4FDC-978A-BEDE57AB920D}"
EndProject
Project("{9A19103F-16F7-4668-BE54-9A1E7A4F7556}") = "GenericArrayCreator", "GenericArrayCreator\GenericArrayCreator.csproj", "{111B82AA-71DE-459A-97C8-AC5DEE1FA9FA}"
EndProject
Project("{2150E333-8FDC-42A3-9474-1A3956D46DE8}") = "Exercise", "Exercise", "{F7852BEE-C9CA-4B24-9663-C6947E284928}"
EndProject
Project("{9A19103F-16F7-4668-BE54-9A1E7A4F7556}") = "01.BoxT", "01.BoxT\01.BoxT.csproj", "{F2D90498-5D63-4ABF-9EB7-3CFABE3E21E3}"
EndProject
Project("{9A19103F-16F7-4668-BE54-9A1E7A4F7556}") = "03.Swap", "03.Swap\03.Swap.csproj", "{FF23A4DD-DE53-4329-9F86-088D999E90E3}"
EndProject
Project("{9A19103F-16F7-4668-BE54-9A1E7A4F7556}") = "05.GenericCount", "05.GenericCount\05.GenericCount.csproj", "{BBBC358B-5774-4739-AF7F-BA460EAB46F5}"
EndProject
Project("{9A19103F-16F7-4668-BE54-9A1E7A4F7556}") = "07.Tuple", "07.Tuple\07.Tuple.csproj", "{4656156B-1AB0-436F-97E6-597ED6C99CA5}"
EndProject
Project("{2150E333-8FDC-42A3-9474-1A3956D46DE8}") = "9.Iterators", "9.Iterators", "{A7A0537D-F1F2-4A2E-8CFB-F36055056142}"
EndProject
Project("{2150E333-8FDC-42A3-9474-1A3956D46DE8}") = "Lab", "Lab", "{209C9EF8-6F54-4C8B-88B4-BBEC95EF89CA}"
EndProject
Project("{9A19103F-16F7-4668-BE54-9A1E7A4F7556}") = "IteratorsAndComparators", "IteratorsAndComparators\IteratorsAndComparators.csproj", "{D269FBFC-939B-45EC-902A-578DB3BE745E}"
EndProject
Project("{2150E333-8FDC-42A3-9474-1A3956D46DE8}") = "Exercise", "Exercise", "{8FB0DC0A-3147-4FAA-8B6F-A2AAEBF4DAB5}"
EndProject
Project("{FAE04EC0-301F-11D3-BF4B-00C04F79EFBC}") = "01.ListIterator", "01.ListIterator\01.ListIterator.csproj", "{A043F7BC-48A8-40BE-B193-023525365FEC}"
EndProject
Project("{FAE04EC0-301F-11D3-BF4B-00C04F79EFBC}") = "03.MyStack", "03.MyStack\03.MyStack.csproj", "{DDAFAD01-23C9-4BB6-82EC-D78C4C5448DA}"
EndProject
Project("{FAE04EC0-301F-11D3-BF4B-00C04F79EFBC}") = "04.VeryCuteFrog", "04.VeryCuteFrog\04.VeryCuteFrog.csproj", "{291FAA4B-F47A-4AD3-8C76-00FA0763872E}"
EndProject
Project("{FAE04EC0-301F-11D3-BF4B-00C04F79EFBC}") = "05.Compare", "05.Compare\05.Compare.csproj", "{B64FFF09-D041-4521-A979-6E864C2F24C4}"
EndProject
Global
	GlobalSection(SolutionConfigurationPlatforms) = preSolution
		Debug|Any CPU = Debug|Any CPU
		Release|Any CPU = Release|Any CPU
	EndGlobalSection
	GlobalSection(ProjectConfigurationPlatforms) = postSolution
		{AC05ECA9-2F0D-4A95-B24F-1EAA487020C3}.Debug|Any CPU.ActiveCfg = Debug|Any CPU
		{AC05ECA9-2F0D-4A95-B24F-1EAA487020C3}.Debug|Any CPU.Build.0 = Debug|Any CPU
		{AC05ECA9-2F0D-4A95-B24F-1EAA487020C3}.Release|Any CPU.ActiveCfg = Release|Any CPU
		{AC05ECA9-2F0D-4A95-B24F-1EAA487020C3}.Release|Any CPU.Build.0 = Release|Any CPU
		{613E55F4-77AB-4EC9-9FCE-4163A587B31D}.Debug|Any CPU.ActiveCfg = Debug|Any CPU
		{613E55F4-77AB-4EC9-9FCE-4163A587B31D}.Debug|Any CPU.Build.0 = Debug|Any CPU
		{613E55F4-77AB-4EC9-9FCE-4163A587B31D}.Release|Any CPU.ActiveCfg = Release|Any CPU
		{613E55F4-77AB-4EC9-9FCE-4163A587B31D}.Release|Any CPU.Build.0 = Release|Any CPU
		{AD3842E2-8B9C-4AE7-B8AE-E6BCEE0E3790}.Debug|Any CPU.ActiveCfg = Debug|Any CPU
		{AD3842E2-8B9C-4AE7-B8AE-E6BCEE0E3790}.Debug|Any CPU.Build.0 = Debug|Any CPU
		{AD3842E2-8B9C-4AE7-B8AE-E6BCEE0E3790}.Release|Any CPU.ActiveCfg = Release|Any CPU
		{AD3842E2-8B9C-4AE7-B8AE-E6BCEE0E3790}.Release|Any CPU.Build.0 = Release|Any CPU
		{560A570A-D150-4DB8-8FB1-94FA69BA705B}.Debug|Any CPU.ActiveCfg = Debug|Any CPU
		{560A570A-D150-4DB8-8FB1-94FA69BA705B}.Debug|Any CPU.Build.0 = Debug|Any CPU
		{560A570A-D150-4DB8-8FB1-94FA69BA705B}.Release|Any CPU.ActiveCfg = Release|Any CPU
		{560A570A-D150-4DB8-8FB1-94FA69BA705B}.Release|Any CPU.Build.0 = Release|Any CPU
		{B6DAE5F5-BE5D-4BC2-9DB4-61DC5951828E}.Debug|Any CPU.ActiveCfg = Debug|Any CPU
		{B6DAE5F5-BE5D-4BC2-9DB4-61DC5951828E}.Debug|Any CPU.Build.0 = Debug|Any CPU
		{B6DAE5F5-BE5D-4BC2-9DB4-61DC5951828E}.Release|Any CPU.ActiveCfg = Release|Any CPU
		{B6DAE5F5-BE5D-4BC2-9DB4-61DC5951828E}.Release|Any CPU.Build.0 = Release|Any CPU
		{C1326A99-C788-47C5-8C40-5E4E640BFF16}.Debug|Any CPU.ActiveCfg = Debug|Any CPU
		{C1326A99-C788-47C5-8C40-5E4E640BFF16}.Debug|Any CPU.Build.0 = Debug|Any CPU
		{C1326A99-C788-47C5-8C40-5E4E640BFF16}.Release|Any CPU.ActiveCfg = Release|Any CPU
		{C1326A99-C788-47C5-8C40-5E4E640BFF16}.Release|Any CPU.Build.0 = Release|Any CPU
		{8FC08039-95D0-4283-B04E-505CF36AED1C}.Debug|Any CPU.ActiveCfg = Debug|Any CPU
		{8FC08039-95D0-4283-B04E-505CF36AED1C}.Debug|Any CPU.Build.0 = Debug|Any CPU
		{8FC08039-95D0-4283-B04E-505CF36AED1C}.Release|Any CPU.ActiveCfg = Release|Any CPU
		{8FC08039-95D0-4283-B04E-505CF36AED1C}.Release|Any CPU.Build.0 = Release|Any CPU
		{8225F030-BC78-413A-80A1-021F926D019F}.Debug|Any CPU.ActiveCfg = Debug|Any CPU
		{8225F030-BC78-413A-80A1-021F926D019F}.Debug|Any CPU.Build.0 = Debug|Any CPU
		{8225F030-BC78-413A-80A1-021F926D019F}.Release|Any CPU.ActiveCfg = Release|Any CPU
		{8225F030-BC78-413A-80A1-021F926D019F}.Release|Any CPU.Build.0 = Release|Any CPU
		{66930298-E73B-4E8B-93B3-ADDDEBBCBA39}.Debug|Any CPU.ActiveCfg = Debug|Any CPU
		{66930298-E73B-4E8B-93B3-ADDDEBBCBA39}.Debug|Any CPU.Build.0 = Debug|Any CPU
		{66930298-E73B-4E8B-93B3-ADDDEBBCBA39}.Release|Any CPU.ActiveCfg = Release|Any CPU
		{66930298-E73B-4E8B-93B3-ADDDEBBCBA39}.Release|Any CPU.Build.0 = Release|Any CPU
		{137D5174-C16F-46D5-84A5-7DE963366EB0}.Debug|Any CPU.ActiveCfg = Debug|Any CPU
		{137D5174-C16F-46D5-84A5-7DE963366EB0}.Debug|Any CPU.Build.0 = Debug|Any CPU
		{137D5174-C16F-46D5-84A5-7DE963366EB0}.Release|Any CPU.ActiveCfg = Release|Any CPU
		{137D5174-C16F-46D5-84A5-7DE963366EB0}.Release|Any CPU.Build.0 = Release|Any CPU
		{B2D94C9F-6649-4E35-B97A-2287546AD6C0}.Debug|Any CPU.ActiveCfg = Debug|Any CPU
		{B2D94C9F-6649-4E35-B97A-2287546AD6C0}.Debug|Any CPU.Build.0 = Debug|Any CPU
		{B2D94C9F-6649-4E35-B97A-2287546AD6C0}.Release|Any CPU.ActiveCfg = Release|Any CPU
		{B2D94C9F-6649-4E35-B97A-2287546AD6C0}.Release|Any CPU.Build.0 = Release|Any CPU
		{DABF5EC5-8B1F-4DCF-A2F0-7AD266932B89}.Debug|Any CPU.ActiveCfg = Debug|Any CPU
		{DABF5EC5-8B1F-4DCF-A2F0-7AD266932B89}.Debug|Any CPU.Build.0 = Debug|Any CPU
		{DABF5EC5-8B1F-4DCF-A2F0-7AD266932B89}.Release|Any CPU.ActiveCfg = Release|Any CPU
		{DABF5EC5-8B1F-4DCF-A2F0-7AD266932B89}.Release|Any CPU.Build.0 = Release|Any CPU
		{CA4D7DA8-D53A-463B-A1A5-61799D016195}.Debug|Any CPU.ActiveCfg = Debug|Any CPU
		{CA4D7DA8-D53A-463B-A1A5-61799D016195}.Debug|Any CPU.Build.0 = Debug|Any CPU
		{CA4D7DA8-D53A-463B-A1A5-61799D016195}.Release|Any CPU.ActiveCfg = Release|Any CPU
		{CA4D7DA8-D53A-463B-A1A5-61799D016195}.Release|Any CPU.Build.0 = Release|Any CPU
		{371D9EE9-5E08-4B79-ADCD-805876590B2C}.Debug|Any CPU.ActiveCfg = Debug|Any CPU
		{371D9EE9-5E08-4B79-ADCD-805876590B2C}.Debug|Any CPU.Build.0 = Debug|Any CPU
		{371D9EE9-5E08-4B79-ADCD-805876590B2C}.Release|Any CPU.ActiveCfg = Release|Any CPU
		{371D9EE9-5E08-4B79-ADCD-805876590B2C}.Release|Any CPU.Build.0 = Release|Any CPU
		{61E78773-AC3D-49EF-8C5E-9E6153285BB5}.Debug|Any CPU.ActiveCfg = Debug|Any CPU
		{61E78773-AC3D-49EF-8C5E-9E6153285BB5}.Debug|Any CPU.Build.0 = Debug|Any CPU
		{61E78773-AC3D-49EF-8C5E-9E6153285BB5}.Release|Any CPU.ActiveCfg = Release|Any CPU
		{61E78773-AC3D-49EF-8C5E-9E6153285BB5}.Release|Any CPU.Build.0 = Release|Any CPU
		{366A30E5-B50A-444E-B27A-5AAB2979DBB5}.Debug|Any CPU.ActiveCfg = Debug|Any CPU
		{366A30E5-B50A-444E-B27A-5AAB2979DBB5}.Debug|Any CPU.Build.0 = Debug|Any CPU
		{366A30E5-B50A-444E-B27A-5AAB2979DBB5}.Release|Any CPU.ActiveCfg = Release|Any CPU
		{366A30E5-B50A-444E-B27A-5AAB2979DBB5}.Release|Any CPU.Build.0 = Release|Any CPU
		{22AF7540-0793-4A6C-B73E-9D2E7957A3EA}.Debug|Any CPU.ActiveCfg = Debug|Any CPU
		{22AF7540-0793-4A6C-B73E-9D2E7957A3EA}.Debug|Any CPU.Build.0 = Debug|Any CPU
		{22AF7540-0793-4A6C-B73E-9D2E7957A3EA}.Release|Any CPU.ActiveCfg = Release|Any CPU
		{22AF7540-0793-4A6C-B73E-9D2E7957A3EA}.Release|Any CPU.Build.0 = Release|Any CPU
		{B4E96DF7-347B-46FD-B154-5D69352DC13B}.Debug|Any CPU.ActiveCfg = Debug|Any CPU
		{B4E96DF7-347B-46FD-B154-5D69352DC13B}.Debug|Any CPU.Build.0 = Debug|Any CPU
		{B4E96DF7-347B-46FD-B154-5D69352DC13B}.Release|Any CPU.ActiveCfg = Release|Any CPU
		{B4E96DF7-347B-46FD-B154-5D69352DC13B}.Release|Any CPU.Build.0 = Release|Any CPU
		{E725B7B9-F08F-43CC-A876-058D4D7ED1A3}.Debug|Any CPU.ActiveCfg = Debug|Any CPU
		{E725B7B9-F08F-43CC-A876-058D4D7ED1A3}.Debug|Any CPU.Build.0 = Debug|Any CPU
		{E725B7B9-F08F-43CC-A876-058D4D7ED1A3}.Release|Any CPU.ActiveCfg = Release|Any CPU
		{E725B7B9-F08F-43CC-A876-058D4D7ED1A3}.Release|Any CPU.Build.0 = Release|Any CPU
		{034BD152-F3E1-4988-A1F5-C3FC3F18C65B}.Debug|Any CPU.ActiveCfg = Debug|Any CPU
		{034BD152-F3E1-4988-A1F5-C3FC3F18C65B}.Debug|Any CPU.Build.0 = Debug|Any CPU
		{034BD152-F3E1-4988-A1F5-C3FC3F18C65B}.Release|Any CPU.ActiveCfg = Release|Any CPU
		{034BD152-F3E1-4988-A1F5-C3FC3F18C65B}.Release|Any CPU.Build.0 = Release|Any CPU
		{22552C65-6585-450C-853B-7DBD33C0D3C5}.Debug|Any CPU.ActiveCfg = Debug|Any CPU
		{22552C65-6585-450C-853B-7DBD33C0D3C5}.Debug|Any CPU.Build.0 = Debug|Any CPU
		{22552C65-6585-450C-853B-7DBD33C0D3C5}.Release|Any CPU.ActiveCfg = Release|Any CPU
		{22552C65-6585-450C-853B-7DBD33C0D3C5}.Release|Any CPU.Build.0 = Release|Any CPU
		{5F895DE5-1693-4B08-B6C7-F66EB452292B}.Debug|Any CPU.ActiveCfg = Debug|Any CPU
		{5F895DE5-1693-4B08-B6C7-F66EB452292B}.Debug|Any CPU.Build.0 = Debug|Any CPU
		{5F895DE5-1693-4B08-B6C7-F66EB452292B}.Release|Any CPU.ActiveCfg = Release|Any CPU
		{5F895DE5-1693-4B08-B6C7-F66EB452292B}.Release|Any CPU.Build.0 = Release|Any CPU
		{B866344B-5C09-404E-9352-794A2BD58D37}.Debug|Any CPU.ActiveCfg = Debug|Any CPU
		{B866344B-5C09-404E-9352-794A2BD58D37}.Debug|Any CPU.Build.0 = Debug|Any CPU
		{B866344B-5C09-404E-9352-794A2BD58D37}.Release|Any CPU.ActiveCfg = Release|Any CPU
		{B866344B-5C09-404E-9352-794A2BD58D37}.Release|Any CPU.Build.0 = Release|Any CPU
		{B19A8F4B-7A02-470B-AB58-EF6619A0DCC9}.Debug|Any CPU.ActiveCfg = Debug|Any CPU
		{B19A8F4B-7A02-470B-AB58-EF6619A0DCC9}.Debug|Any CPU.Build.0 = Debug|Any CPU
		{B19A8F4B-7A02-470B-AB58-EF6619A0DCC9}.Release|Any CPU.ActiveCfg = Release|Any CPU
		{B19A8F4B-7A02-470B-AB58-EF6619A0DCC9}.Release|Any CPU.Build.0 = Release|Any CPU
		{C663E519-0586-4916-A75D-F22C2BFDFA27}.Debug|Any CPU.ActiveCfg = Debug|Any CPU
		{C663E519-0586-4916-A75D-F22C2BFDFA27}.Debug|Any CPU.Build.0 = Debug|Any CPU
		{C663E519-0586-4916-A75D-F22C2BFDFA27}.Release|Any CPU.ActiveCfg = Release|Any CPU
		{C663E519-0586-4916-A75D-F22C2BFDFA27}.Release|Any CPU.Build.0 = Release|Any CPU
		{C178DA5F-6339-4C30-BDB6-1D584560D49A}.Debug|Any CPU.ActiveCfg = Debug|Any CPU
		{C178DA5F-6339-4C30-BDB6-1D584560D49A}.Debug|Any CPU.Build.0 = Debug|Any CPU
		{C178DA5F-6339-4C30-BDB6-1D584560D49A}.Release|Any CPU.ActiveCfg = Release|Any CPU
		{C178DA5F-6339-4C30-BDB6-1D584560D49A}.Release|Any CPU.Build.0 = Release|Any CPU
		{96C84088-69BC-40BF-8251-51769E468CEE}.Debug|Any CPU.ActiveCfg = Debug|Any CPU
		{96C84088-69BC-40BF-8251-51769E468CEE}.Debug|Any CPU.Build.0 = Debug|Any CPU
		{96C84088-69BC-40BF-8251-51769E468CEE}.Release|Any CPU.ActiveCfg = Release|Any CPU
		{96C84088-69BC-40BF-8251-51769E468CEE}.Release|Any CPU.Build.0 = Release|Any CPU
		{7C27B071-0AE1-4022-85CA-496F724AD8DD}.Debug|Any CPU.ActiveCfg = Debug|Any CPU
		{7C27B071-0AE1-4022-85CA-496F724AD8DD}.Debug|Any CPU.Build.0 = Debug|Any CPU
		{7C27B071-0AE1-4022-85CA-496F724AD8DD}.Release|Any CPU.ActiveCfg = Release|Any CPU
		{7C27B071-0AE1-4022-85CA-496F724AD8DD}.Release|Any CPU.Build.0 = Release|Any CPU
		{FCA0E321-535C-4F61-926C-8CF74EDA4F6A}.Debug|Any CPU.ActiveCfg = Debug|Any CPU
		{FCA0E321-535C-4F61-926C-8CF74EDA4F6A}.Debug|Any CPU.Build.0 = Debug|Any CPU
		{FCA0E321-535C-4F61-926C-8CF74EDA4F6A}.Release|Any CPU.ActiveCfg = Release|Any CPU
		{FCA0E321-535C-4F61-926C-8CF74EDA4F6A}.Release|Any CPU.Build.0 = Release|Any CPU
		{EADC45CB-23F0-49B0-B6A5-92119AA4ACFA}.Debug|Any CPU.ActiveCfg = Debug|Any CPU
		{EADC45CB-23F0-49B0-B6A5-92119AA4ACFA}.Debug|Any CPU.Build.0 = Debug|Any CPU
		{EADC45CB-23F0-49B0-B6A5-92119AA4ACFA}.Release|Any CPU.ActiveCfg = Release|Any CPU
		{EADC45CB-23F0-49B0-B6A5-92119AA4ACFA}.Release|Any CPU.Build.0 = Release|Any CPU
		{E872CA5B-2FCA-4C8E-907A-0186197C5042}.Debug|Any CPU.ActiveCfg = Debug|Any CPU
		{E872CA5B-2FCA-4C8E-907A-0186197C5042}.Debug|Any CPU.Build.0 = Debug|Any CPU
		{E872CA5B-2FCA-4C8E-907A-0186197C5042}.Release|Any CPU.ActiveCfg = Release|Any CPU
		{E872CA5B-2FCA-4C8E-907A-0186197C5042}.Release|Any CPU.Build.0 = Release|Any CPU
		{E858F9AA-8D51-42FC-9FFD-73F3FF1FAFB7}.Debug|Any CPU.ActiveCfg = Debug|Any CPU
		{E858F9AA-8D51-42FC-9FFD-73F3FF1FAFB7}.Debug|Any CPU.Build.0 = Debug|Any CPU
		{E858F9AA-8D51-42FC-9FFD-73F3FF1FAFB7}.Release|Any CPU.ActiveCfg = Release|Any CPU
		{E858F9AA-8D51-42FC-9FFD-73F3FF1FAFB7}.Release|Any CPU.Build.0 = Release|Any CPU
		{4805171F-CF94-4E6F-9296-20B2951ED54F}.Debug|Any CPU.ActiveCfg = Debug|Any CPU
		{4805171F-CF94-4E6F-9296-20B2951ED54F}.Debug|Any CPU.Build.0 = Debug|Any CPU
		{4805171F-CF94-4E6F-9296-20B2951ED54F}.Release|Any CPU.ActiveCfg = Release|Any CPU
		{4805171F-CF94-4E6F-9296-20B2951ED54F}.Release|Any CPU.Build.0 = Release|Any CPU
		{BBC5CD40-E3D3-4340-9B79-6CF83876B321}.Debug|Any CPU.ActiveCfg = Debug|Any CPU
		{BBC5CD40-E3D3-4340-9B79-6CF83876B321}.Debug|Any CPU.Build.0 = Debug|Any CPU
		{BBC5CD40-E3D3-4340-9B79-6CF83876B321}.Release|Any CPU.ActiveCfg = Release|Any CPU
		{BBC5CD40-E3D3-4340-9B79-6CF83876B321}.Release|Any CPU.Build.0 = Release|Any CPU
		{5B1E5B38-AB94-4FA5-802C-44CE71C77FB6}.Debug|Any CPU.ActiveCfg = Debug|Any CPU
		{5B1E5B38-AB94-4FA5-802C-44CE71C77FB6}.Debug|Any CPU.Build.0 = Debug|Any CPU
		{5B1E5B38-AB94-4FA5-802C-44CE71C77FB6}.Release|Any CPU.ActiveCfg = Release|Any CPU
		{5B1E5B38-AB94-4FA5-802C-44CE71C77FB6}.Release|Any CPU.Build.0 = Release|Any CPU
		{C0EDE214-FD1C-49D0-93FC-241CA5FE8F83}.Debug|Any CPU.ActiveCfg = Debug|Any CPU
		{C0EDE214-FD1C-49D0-93FC-241CA5FE8F83}.Debug|Any CPU.Build.0 = Debug|Any CPU
		{C0EDE214-FD1C-49D0-93FC-241CA5FE8F83}.Release|Any CPU.ActiveCfg = Release|Any CPU
		{C0EDE214-FD1C-49D0-93FC-241CA5FE8F83}.Release|Any CPU.Build.0 = Release|Any CPU
		{21F6D335-F3D1-4BB8-A5E3-370286575FB8}.Debug|Any CPU.ActiveCfg = Debug|Any CPU
		{21F6D335-F3D1-4BB8-A5E3-370286575FB8}.Debug|Any CPU.Build.0 = Debug|Any CPU
		{21F6D335-F3D1-4BB8-A5E3-370286575FB8}.Release|Any CPU.ActiveCfg = Release|Any CPU
		{21F6D335-F3D1-4BB8-A5E3-370286575FB8}.Release|Any CPU.Build.0 = Release|Any CPU
		{C8E5DE30-52B8-4A28-A3E6-FE96570FDCF2}.Debug|Any CPU.ActiveCfg = Debug|Any CPU
		{C8E5DE30-52B8-4A28-A3E6-FE96570FDCF2}.Debug|Any CPU.Build.0 = Debug|Any CPU
		{C8E5DE30-52B8-4A28-A3E6-FE96570FDCF2}.Release|Any CPU.ActiveCfg = Release|Any CPU
		{C8E5DE30-52B8-4A28-A3E6-FE96570FDCF2}.Release|Any CPU.Build.0 = Release|Any CPU
		{58253E08-E7DD-45B2-9C8C-D7D09B64F6FE}.Debug|Any CPU.ActiveCfg = Debug|Any CPU
		{58253E08-E7DD-45B2-9C8C-D7D09B64F6FE}.Debug|Any CPU.Build.0 = Debug|Any CPU
		{58253E08-E7DD-45B2-9C8C-D7D09B64F6FE}.Release|Any CPU.ActiveCfg = Release|Any CPU
		{58253E08-E7DD-45B2-9C8C-D7D09B64F6FE}.Release|Any CPU.Build.0 = Release|Any CPU
		{69011EC3-E05E-4D1C-BD82-0ED0B4EBA835}.Debug|Any CPU.ActiveCfg = Debug|Any CPU
		{69011EC3-E05E-4D1C-BD82-0ED0B4EBA835}.Debug|Any CPU.Build.0 = Debug|Any CPU
		{69011EC3-E05E-4D1C-BD82-0ED0B4EBA835}.Release|Any CPU.ActiveCfg = Release|Any CPU
		{69011EC3-E05E-4D1C-BD82-0ED0B4EBA835}.Release|Any CPU.Build.0 = Release|Any CPU
		{3A9F283D-D78D-41FB-A29B-B721B78CF9A7}.Debug|Any CPU.ActiveCfg = Debug|Any CPU
		{3A9F283D-D78D-41FB-A29B-B721B78CF9A7}.Debug|Any CPU.Build.0 = Debug|Any CPU
		{3A9F283D-D78D-41FB-A29B-B721B78CF9A7}.Release|Any CPU.ActiveCfg = Release|Any CPU
		{3A9F283D-D78D-41FB-A29B-B721B78CF9A7}.Release|Any CPU.Build.0 = Release|Any CPU
		{B3CEEFE2-F815-4287-9167-D7FC62B265C3}.Debug|Any CPU.ActiveCfg = Debug|Any CPU
		{B3CEEFE2-F815-4287-9167-D7FC62B265C3}.Debug|Any CPU.Build.0 = Debug|Any CPU
		{B3CEEFE2-F815-4287-9167-D7FC62B265C3}.Release|Any CPU.ActiveCfg = Release|Any CPU
		{B3CEEFE2-F815-4287-9167-D7FC62B265C3}.Release|Any CPU.Build.0 = Release|Any CPU
		{70AF4FDE-3F20-4AB2-897A-63C3E4500A98}.Debug|Any CPU.ActiveCfg = Debug|Any CPU
		{70AF4FDE-3F20-4AB2-897A-63C3E4500A98}.Debug|Any CPU.Build.0 = Debug|Any CPU
		{70AF4FDE-3F20-4AB2-897A-63C3E4500A98}.Release|Any CPU.ActiveCfg = Release|Any CPU
		{70AF4FDE-3F20-4AB2-897A-63C3E4500A98}.Release|Any CPU.Build.0 = Release|Any CPU
		{9500BD47-3C21-4366-A74B-46E9BCE76907}.Debug|Any CPU.ActiveCfg = Debug|Any CPU
		{9500BD47-3C21-4366-A74B-46E9BCE76907}.Debug|Any CPU.Build.0 = Debug|Any CPU
		{9500BD47-3C21-4366-A74B-46E9BCE76907}.Release|Any CPU.ActiveCfg = Release|Any CPU
		{9500BD47-3C21-4366-A74B-46E9BCE76907}.Release|Any CPU.Build.0 = Release|Any CPU
		{4D1A1551-7923-4C45-B172-39D866AA5FCC}.Debug|Any CPU.ActiveCfg = Debug|Any CPU
		{4D1A1551-7923-4C45-B172-39D866AA5FCC}.Debug|Any CPU.Build.0 = Debug|Any CPU
		{4D1A1551-7923-4C45-B172-39D866AA5FCC}.Release|Any CPU.ActiveCfg = Release|Any CPU
		{4D1A1551-7923-4C45-B172-39D866AA5FCC}.Release|Any CPU.Build.0 = Release|Any CPU
		{6B75B458-439A-4671-B567-0C25F6C9F19B}.Debug|Any CPU.ActiveCfg = Debug|Any CPU
		{6B75B458-439A-4671-B567-0C25F6C9F19B}.Debug|Any CPU.Build.0 = Debug|Any CPU
		{6B75B458-439A-4671-B567-0C25F6C9F19B}.Release|Any CPU.ActiveCfg = Release|Any CPU
		{6B75B458-439A-4671-B567-0C25F6C9F19B}.Release|Any CPU.Build.0 = Release|Any CPU
		{2F40E69F-C9F9-400E-B40A-7C0626E3E23F}.Debug|Any CPU.ActiveCfg = Debug|Any CPU
		{2F40E69F-C9F9-400E-B40A-7C0626E3E23F}.Debug|Any CPU.Build.0 = Debug|Any CPU
		{2F40E69F-C9F9-400E-B40A-7C0626E3E23F}.Release|Any CPU.ActiveCfg = Release|Any CPU
		{2F40E69F-C9F9-400E-B40A-7C0626E3E23F}.Release|Any CPU.Build.0 = Release|Any CPU
		{1B78EBC4-E1E8-47E9-96BD-67623FE15783}.Debug|Any CPU.ActiveCfg = Debug|Any CPU
		{1B78EBC4-E1E8-47E9-96BD-67623FE15783}.Debug|Any CPU.Build.0 = Debug|Any CPU
		{1B78EBC4-E1E8-47E9-96BD-67623FE15783}.Release|Any CPU.ActiveCfg = Release|Any CPU
		{1B78EBC4-E1E8-47E9-96BD-67623FE15783}.Release|Any CPU.Build.0 = Release|Any CPU
		{D75FF8A7-10FC-46EB-B73D-FE5395561A72}.Debug|Any CPU.ActiveCfg = Debug|Any CPU
		{D75FF8A7-10FC-46EB-B73D-FE5395561A72}.Debug|Any CPU.Build.0 = Debug|Any CPU
		{D75FF8A7-10FC-46EB-B73D-FE5395561A72}.Release|Any CPU.ActiveCfg = Release|Any CPU
		{D75FF8A7-10FC-46EB-B73D-FE5395561A72}.Release|Any CPU.Build.0 = Release|Any CPU
		{8D407B95-911B-4595-AD64-2F6A53D1E006}.Debug|Any CPU.ActiveCfg = Debug|Any CPU
		{8D407B95-911B-4595-AD64-2F6A53D1E006}.Debug|Any CPU.Build.0 = Debug|Any CPU
		{8D407B95-911B-4595-AD64-2F6A53D1E006}.Release|Any CPU.ActiveCfg = Release|Any CPU
		{8D407B95-911B-4595-AD64-2F6A53D1E006}.Release|Any CPU.Build.0 = Release|Any CPU
		{5E3B1523-90C5-4F1F-856E-F4C214509097}.Debug|Any CPU.ActiveCfg = Debug|Any CPU
		{5E3B1523-90C5-4F1F-856E-F4C214509097}.Debug|Any CPU.Build.0 = Debug|Any CPU
		{5E3B1523-90C5-4F1F-856E-F4C214509097}.Release|Any CPU.ActiveCfg = Release|Any CPU
		{5E3B1523-90C5-4F1F-856E-F4C214509097}.Release|Any CPU.Build.0 = Release|Any CPU
		{7D1F8F5D-9E09-4814-9C97-5F65ACF04370}.Debug|Any CPU.ActiveCfg = Debug|Any CPU
		{7D1F8F5D-9E09-4814-9C97-5F65ACF04370}.Debug|Any CPU.Build.0 = Debug|Any CPU
		{7D1F8F5D-9E09-4814-9C97-5F65ACF04370}.Release|Any CPU.ActiveCfg = Release|Any CPU
		{7D1F8F5D-9E09-4814-9C97-5F65ACF04370}.Release|Any CPU.Build.0 = Release|Any CPU
		{EC62A29A-7951-4C32-AB88-A9635349FBAD}.Debug|Any CPU.ActiveCfg = Debug|Any CPU
		{EC62A29A-7951-4C32-AB88-A9635349FBAD}.Debug|Any CPU.Build.0 = Debug|Any CPU
		{EC62A29A-7951-4C32-AB88-A9635349FBAD}.Release|Any CPU.ActiveCfg = Release|Any CPU
		{EC62A29A-7951-4C32-AB88-A9635349FBAD}.Release|Any CPU.Build.0 = Release|Any CPU
		{B15B039B-E7EC-4D2C-9806-0839578AF67F}.Debug|Any CPU.ActiveCfg = Debug|Any CPU
		{B15B039B-E7EC-4D2C-9806-0839578AF67F}.Debug|Any CPU.Build.0 = Debug|Any CPU
		{B15B039B-E7EC-4D2C-9806-0839578AF67F}.Release|Any CPU.ActiveCfg = Release|Any CPU
		{B15B039B-E7EC-4D2C-9806-0839578AF67F}.Release|Any CPU.Build.0 = Release|Any CPU
		{26570A47-8B76-4F70-BB34-5E0A9F8F77A9}.Debug|Any CPU.ActiveCfg = Debug|Any CPU
		{26570A47-8B76-4F70-BB34-5E0A9F8F77A9}.Debug|Any CPU.Build.0 = Debug|Any CPU
		{26570A47-8B76-4F70-BB34-5E0A9F8F77A9}.Release|Any CPU.ActiveCfg = Release|Any CPU
		{26570A47-8B76-4F70-BB34-5E0A9F8F77A9}.Release|Any CPU.Build.0 = Release|Any CPU
		{04990983-B43C-4E6C-81E6-EC67C86EF84A}.Debug|Any CPU.ActiveCfg = Debug|Any CPU
		{04990983-B43C-4E6C-81E6-EC67C86EF84A}.Debug|Any CPU.Build.0 = Debug|Any CPU
		{04990983-B43C-4E6C-81E6-EC67C86EF84A}.Release|Any CPU.ActiveCfg = Release|Any CPU
		{04990983-B43C-4E6C-81E6-EC67C86EF84A}.Release|Any CPU.Build.0 = Release|Any CPU
		{EE19C06B-4429-4239-8DA8-056C6E61D76E}.Debug|Any CPU.ActiveCfg = Debug|Any CPU
		{EE19C06B-4429-4239-8DA8-056C6E61D76E}.Debug|Any CPU.Build.0 = Debug|Any CPU
		{EE19C06B-4429-4239-8DA8-056C6E61D76E}.Release|Any CPU.ActiveCfg = Release|Any CPU
		{EE19C06B-4429-4239-8DA8-056C6E61D76E}.Release|Any CPU.Build.0 = Release|Any CPU
		{0170E7D9-A14F-4720-8832-90C4878C2A18}.Debug|Any CPU.ActiveCfg = Debug|Any CPU
		{0170E7D9-A14F-4720-8832-90C4878C2A18}.Debug|Any CPU.Build.0 = Debug|Any CPU
		{0170E7D9-A14F-4720-8832-90C4878C2A18}.Release|Any CPU.ActiveCfg = Release|Any CPU
		{0170E7D9-A14F-4720-8832-90C4878C2A18}.Release|Any CPU.Build.0 = Release|Any CPU
		{8CCFEDE5-9EB3-4DA6-BD9F-EB8127796F6B}.Debug|Any CPU.ActiveCfg = Debug|Any CPU
		{8CCFEDE5-9EB3-4DA6-BD9F-EB8127796F6B}.Debug|Any CPU.Build.0 = Debug|Any CPU
		{8CCFEDE5-9EB3-4DA6-BD9F-EB8127796F6B}.Release|Any CPU.ActiveCfg = Release|Any CPU
		{8CCFEDE5-9EB3-4DA6-BD9F-EB8127796F6B}.Release|Any CPU.Build.0 = Release|Any CPU
		{2E1A17CE-5DDF-4353-BDED-A758940E74C6}.Debug|Any CPU.ActiveCfg = Debug|Any CPU
		{2E1A17CE-5DDF-4353-BDED-A758940E74C6}.Debug|Any CPU.Build.0 = Debug|Any CPU
		{2E1A17CE-5DDF-4353-BDED-A758940E74C6}.Release|Any CPU.ActiveCfg = Release|Any CPU
		{2E1A17CE-5DDF-4353-BDED-A758940E74C6}.Release|Any CPU.Build.0 = Release|Any CPU
		{C1B4DB07-EA22-4A16-B0C7-BBEDA969BAEA}.Debug|Any CPU.ActiveCfg = Debug|Any CPU
		{C1B4DB07-EA22-4A16-B0C7-BBEDA969BAEA}.Debug|Any CPU.Build.0 = Debug|Any CPU
		{C1B4DB07-EA22-4A16-B0C7-BBEDA969BAEA}.Release|Any CPU.ActiveCfg = Release|Any CPU
		{C1B4DB07-EA22-4A16-B0C7-BBEDA969BAEA}.Release|Any CPU.Build.0 = Release|Any CPU
		{67CE800F-AB77-498D-B2A6-B6D38B6D59BA}.Debug|Any CPU.ActiveCfg = Debug|Any CPU
		{67CE800F-AB77-498D-B2A6-B6D38B6D59BA}.Debug|Any CPU.Build.0 = Debug|Any CPU
		{67CE800F-AB77-498D-B2A6-B6D38B6D59BA}.Release|Any CPU.ActiveCfg = Release|Any CPU
		{67CE800F-AB77-498D-B2A6-B6D38B6D59BA}.Release|Any CPU.Build.0 = Release|Any CPU
		{96335A94-D295-4084-81B2-7B908AFE2510}.Debug|Any CPU.ActiveCfg = Debug|Any CPU
		{96335A94-D295-4084-81B2-7B908AFE2510}.Debug|Any CPU.Build.0 = Debug|Any CPU
		{96335A94-D295-4084-81B2-7B908AFE2510}.Release|Any CPU.ActiveCfg = Release|Any CPU
		{96335A94-D295-4084-81B2-7B908AFE2510}.Release|Any CPU.Build.0 = Release|Any CPU
		{EFC3E411-359A-44FF-88A3-5BA4BDE3BE09}.Debug|Any CPU.ActiveCfg = Debug|Any CPU
		{EFC3E411-359A-44FF-88A3-5BA4BDE3BE09}.Debug|Any CPU.Build.0 = Debug|Any CPU
		{EFC3E411-359A-44FF-88A3-5BA4BDE3BE09}.Release|Any CPU.ActiveCfg = Release|Any CPU
		{EFC3E411-359A-44FF-88A3-5BA4BDE3BE09}.Release|Any CPU.Build.0 = Release|Any CPU
		{80C8F6AD-78CA-48D8-B5CF-4940FDBEB796}.Debug|Any CPU.ActiveCfg = Debug|Any CPU
		{80C8F6AD-78CA-48D8-B5CF-4940FDBEB796}.Debug|Any CPU.Build.0 = Debug|Any CPU
		{80C8F6AD-78CA-48D8-B5CF-4940FDBEB796}.Release|Any CPU.ActiveCfg = Release|Any CPU
		{80C8F6AD-78CA-48D8-B5CF-4940FDBEB796}.Release|Any CPU.Build.0 = Release|Any CPU
		{6003B9B0-5409-46C1-981F-0900D95B4CD6}.Debug|Any CPU.ActiveCfg = Debug|Any CPU
		{6003B9B0-5409-46C1-981F-0900D95B4CD6}.Debug|Any CPU.Build.0 = Debug|Any CPU
		{6003B9B0-5409-46C1-981F-0900D95B4CD6}.Release|Any CPU.ActiveCfg = Release|Any CPU
		{6003B9B0-5409-46C1-981F-0900D95B4CD6}.Release|Any CPU.Build.0 = Release|Any CPU
		{3145B9B1-A57E-428B-B8C8-9FDC766483C8}.Debug|Any CPU.ActiveCfg = Debug|Any CPU
		{3145B9B1-A57E-428B-B8C8-9FDC766483C8}.Debug|Any CPU.Build.0 = Debug|Any CPU
		{3145B9B1-A57E-428B-B8C8-9FDC766483C8}.Release|Any CPU.ActiveCfg = Release|Any CPU
		{3145B9B1-A57E-428B-B8C8-9FDC766483C8}.Release|Any CPU.Build.0 = Release|Any CPU
		{260CE12F-C322-4FDC-978A-BEDE57AB920D}.Debug|Any CPU.ActiveCfg = Debug|Any CPU
		{260CE12F-C322-4FDC-978A-BEDE57AB920D}.Debug|Any CPU.Build.0 = Debug|Any CPU
		{260CE12F-C322-4FDC-978A-BEDE57AB920D}.Release|Any CPU.ActiveCfg = Release|Any CPU
		{260CE12F-C322-4FDC-978A-BEDE57AB920D}.Release|Any CPU.Build.0 = Release|Any CPU
		{111B82AA-71DE-459A-97C8-AC5DEE1FA9FA}.Debug|Any CPU.ActiveCfg = Debug|Any CPU
		{111B82AA-71DE-459A-97C8-AC5DEE1FA9FA}.Debug|Any CPU.Build.0 = Debug|Any CPU
		{111B82AA-71DE-459A-97C8-AC5DEE1FA9FA}.Release|Any CPU.ActiveCfg = Release|Any CPU
		{111B82AA-71DE-459A-97C8-AC5DEE1FA9FA}.Release|Any CPU.Build.0 = Release|Any CPU
		{F2D90498-5D63-4ABF-9EB7-3CFABE3E21E3}.Debug|Any CPU.ActiveCfg = Debug|Any CPU
		{F2D90498-5D63-4ABF-9EB7-3CFABE3E21E3}.Debug|Any CPU.Build.0 = Debug|Any CPU
		{F2D90498-5D63-4ABF-9EB7-3CFABE3E21E3}.Release|Any CPU.ActiveCfg = Release|Any CPU
		{F2D90498-5D63-4ABF-9EB7-3CFABE3E21E3}.Release|Any CPU.Build.0 = Release|Any CPU
		{FF23A4DD-DE53-4329-9F86-088D999E90E3}.Debug|Any CPU.ActiveCfg = Debug|Any CPU
		{FF23A4DD-DE53-4329-9F86-088D999E90E3}.Debug|Any CPU.Build.0 = Debug|Any CPU
		{FF23A4DD-DE53-4329-9F86-088D999E90E3}.Release|Any CPU.ActiveCfg = Release|Any CPU
		{FF23A4DD-DE53-4329-9F86-088D999E90E3}.Release|Any CPU.Build.0 = Release|Any CPU
		{BBBC358B-5774-4739-AF7F-BA460EAB46F5}.Debug|Any CPU.ActiveCfg = Debug|Any CPU
		{BBBC358B-5774-4739-AF7F-BA460EAB46F5}.Debug|Any CPU.Build.0 = Debug|Any CPU
		{BBBC358B-5774-4739-AF7F-BA460EAB46F5}.Release|Any CPU.ActiveCfg = Release|Any CPU
		{BBBC358B-5774-4739-AF7F-BA460EAB46F5}.Release|Any CPU.Build.0 = Release|Any CPU
		{4656156B-1AB0-436F-97E6-597ED6C99CA5}.Debug|Any CPU.ActiveCfg = Debug|Any CPU
		{4656156B-1AB0-436F-97E6-597ED6C99CA5}.Debug|Any CPU.Build.0 = Debug|Any CPU
		{4656156B-1AB0-436F-97E6-597ED6C99CA5}.Release|Any CPU.ActiveCfg = Release|Any CPU
		{4656156B-1AB0-436F-97E6-597ED6C99CA5}.Release|Any CPU.Build.0 = Release|Any CPU
		{D269FBFC-939B-45EC-902A-578DB3BE745E}.Debug|Any CPU.ActiveCfg = Debug|Any CPU
		{D269FBFC-939B-45EC-902A-578DB3BE745E}.Debug|Any CPU.Build.0 = Debug|Any CPU
		{D269FBFC-939B-45EC-902A-578DB3BE745E}.Release|Any CPU.ActiveCfg = Release|Any CPU
		{D269FBFC-939B-45EC-902A-578DB3BE745E}.Release|Any CPU.Build.0 = Release|Any CPU
		{A043F7BC-48A8-40BE-B193-023525365FEC}.Debug|Any CPU.ActiveCfg = Debug|Any CPU
		{A043F7BC-48A8-40BE-B193-023525365FEC}.Debug|Any CPU.Build.0 = Debug|Any CPU
		{A043F7BC-48A8-40BE-B193-023525365FEC}.Release|Any CPU.ActiveCfg = Release|Any CPU
		{A043F7BC-48A8-40BE-B193-023525365FEC}.Release|Any CPU.Build.0 = Release|Any CPU
		{DDAFAD01-23C9-4BB6-82EC-D78C4C5448DA}.Debug|Any CPU.ActiveCfg = Debug|Any CPU
		{DDAFAD01-23C9-4BB6-82EC-D78C4C5448DA}.Debug|Any CPU.Build.0 = Debug|Any CPU
		{DDAFAD01-23C9-4BB6-82EC-D78C4C5448DA}.Release|Any CPU.ActiveCfg = Release|Any CPU
		{DDAFAD01-23C9-4BB6-82EC-D78C4C5448DA}.Release|Any CPU.Build.0 = Release|Any CPU
		{291FAA4B-F47A-4AD3-8C76-00FA0763872E}.Debug|Any CPU.ActiveCfg = Debug|Any CPU
		{291FAA4B-F47A-4AD3-8C76-00FA0763872E}.Debug|Any CPU.Build.0 = Debug|Any CPU
		{291FAA4B-F47A-4AD3-8C76-00FA0763872E}.Release|Any CPU.ActiveCfg = Release|Any CPU
		{291FAA4B-F47A-4AD3-8C76-00FA0763872E}.Release|Any CPU.Build.0 = Release|Any CPU
		{B64FFF09-D041-4521-A979-6E864C2F24C4}.Debug|Any CPU.ActiveCfg = Debug|Any CPU
		{B64FFF09-D041-4521-A979-6E864C2F24C4}.Debug|Any CPU.Build.0 = Debug|Any CPU
		{B64FFF09-D041-4521-A979-6E864C2F24C4}.Release|Any CPU.ActiveCfg = Release|Any CPU
		{B64FFF09-D041-4521-A979-6E864C2F24C4}.Release|Any CPU.Build.0 = Release|Any CPU
	EndGlobalSection
	GlobalSection(SolutionProperties) = preSolution
		HideSolutionNode = FALSE
	EndGlobalSection
	GlobalSection(NestedProjects) = preSolution
		{AC05ECA9-2F0D-4A95-B24F-1EAA487020C3} = {E8C97622-0983-4649-805A-4B44CBFC8A4E}
		{E8C97622-0983-4649-805A-4B44CBFC8A4E} = {13EA9169-4A68-40BE-AD2E-23FF29C8F027}
		{E875740A-3A0B-4CDF-BCBB-9B07AEABA496} = {13EA9169-4A68-40BE-AD2E-23FF29C8F027}
		{613E55F4-77AB-4EC9-9FCE-4163A587B31D} = {E8C97622-0983-4649-805A-4B44CBFC8A4E}
		{AD3842E2-8B9C-4AE7-B8AE-E6BCEE0E3790} = {E8C97622-0983-4649-805A-4B44CBFC8A4E}
		{560A570A-D150-4DB8-8FB1-94FA69BA705B} = {E8C97622-0983-4649-805A-4B44CBFC8A4E}
		{B6DAE5F5-BE5D-4BC2-9DB4-61DC5951828E} = {E8C97622-0983-4649-805A-4B44CBFC8A4E}
		{C1326A99-C788-47C5-8C40-5E4E640BFF16} = {E8C97622-0983-4649-805A-4B44CBFC8A4E}
		{8FC08039-95D0-4283-B04E-505CF36AED1C} = {E875740A-3A0B-4CDF-BCBB-9B07AEABA496}
		{8225F030-BC78-413A-80A1-021F926D019F} = {E875740A-3A0B-4CDF-BCBB-9B07AEABA496}
		{66930298-E73B-4E8B-93B3-ADDDEBBCBA39} = {E875740A-3A0B-4CDF-BCBB-9B07AEABA496}
		{137D5174-C16F-46D5-84A5-7DE963366EB0} = {E875740A-3A0B-4CDF-BCBB-9B07AEABA496}
		{B2D94C9F-6649-4E35-B97A-2287546AD6C0} = {E875740A-3A0B-4CDF-BCBB-9B07AEABA496}
		{DABF5EC5-8B1F-4DCF-A2F0-7AD266932B89} = {E875740A-3A0B-4CDF-BCBB-9B07AEABA496}
		{CA4D7DA8-D53A-463B-A1A5-61799D016195} = {E875740A-3A0B-4CDF-BCBB-9B07AEABA496}
		{106145B9-92AF-41AC-B58B-D471E2A96E52} = {7A6E1921-5594-45CB-B0E1-E2EABFDBCE24}
		{371D9EE9-5E08-4B79-ADCD-805876590B2C} = {106145B9-92AF-41AC-B58B-D471E2A96E52}
		{61E78773-AC3D-49EF-8C5E-9E6153285BB5} = {106145B9-92AF-41AC-B58B-D471E2A96E52}
		{366A30E5-B50A-444E-B27A-5AAB2979DBB5} = {7A6E1921-5594-45CB-B0E1-E2EABFDBCE24}
		{22AF7540-0793-4A6C-B73E-9D2E7957A3EA} = {106145B9-92AF-41AC-B58B-D471E2A96E52}
		{B4E96DF7-347B-46FD-B154-5D69352DC13B} = {106145B9-92AF-41AC-B58B-D471E2A96E52}
		{E725B7B9-F08F-43CC-A876-058D4D7ED1A3} = {106145B9-92AF-41AC-B58B-D471E2A96E52}
		{78E5A171-F82F-4A09-9215-B52A189F31B9} = {7A6E1921-5594-45CB-B0E1-E2EABFDBCE24}
		{034BD152-F3E1-4988-A1F5-C3FC3F18C65B} = {78E5A171-F82F-4A09-9215-B52A189F31B9}
		{22552C65-6585-450C-853B-7DBD33C0D3C5} = {78E5A171-F82F-4A09-9215-B52A189F31B9}
		{5F895DE5-1693-4B08-B6C7-F66EB452292B} = {78E5A171-F82F-4A09-9215-B52A189F31B9}
		{B866344B-5C09-404E-9352-794A2BD58D37} = {78E5A171-F82F-4A09-9215-B52A189F31B9}
		{B19A8F4B-7A02-470B-AB58-EF6619A0DCC9} = {78E5A171-F82F-4A09-9215-B52A189F31B9}
		{C663E519-0586-4916-A75D-F22C2BFDFA27} = {78E5A171-F82F-4A09-9215-B52A189F31B9}
		{C178DA5F-6339-4C30-BDB6-1D584560D49A} = {78E5A171-F82F-4A09-9215-B52A189F31B9}
		{96C84088-69BC-40BF-8251-51769E468CEE} = {78E5A171-F82F-4A09-9215-B52A189F31B9}
		{073413CE-FE56-4029-B584-BFB1CF1948C5} = {59A11F11-DA95-49F1-BA8F-54E70DB49CFB}
		{7C27B071-0AE1-4022-85CA-496F724AD8DD} = {073413CE-FE56-4029-B584-BFB1CF1948C5}
		{FCA0E321-535C-4F61-926C-8CF74EDA4F6A} = {073413CE-FE56-4029-B584-BFB1CF1948C5}
		{EADC45CB-23F0-49B0-B6A5-92119AA4ACFA} = {073413CE-FE56-4029-B584-BFB1CF1948C5}
		{E872CA5B-2FCA-4C8E-907A-0186197C5042} = {073413CE-FE56-4029-B584-BFB1CF1948C5}
		{E858F9AA-8D51-42FC-9FFD-73F3FF1FAFB7} = {073413CE-FE56-4029-B584-BFB1CF1948C5}
		{3A79B09D-CD5E-4F21-A461-74ADF0671695} = {59A11F11-DA95-49F1-BA8F-54E70DB49CFB}
		{4805171F-CF94-4E6F-9296-20B2951ED54F} = {3A79B09D-CD5E-4F21-A461-74ADF0671695}
		{BBC5CD40-E3D3-4340-9B79-6CF83876B321} = {3A79B09D-CD5E-4F21-A461-74ADF0671695}
		{5B1E5B38-AB94-4FA5-802C-44CE71C77FB6} = {3A79B09D-CD5E-4F21-A461-74ADF0671695}
		{C0EDE214-FD1C-49D0-93FC-241CA5FE8F83} = {3A79B09D-CD5E-4F21-A461-74ADF0671695}
		{21F6D335-F3D1-4BB8-A5E3-370286575FB8} = {3A79B09D-CD5E-4F21-A461-74ADF0671695}
		{C8E5DE30-52B8-4A28-A3E6-FE96570FDCF2} = {3A79B09D-CD5E-4F21-A461-74ADF0671695}
		{174D90B2-9557-4A92-8248-860B91337EA6} = {31E4EBFA-524F-45AE-8DAC-32BFA0F67E37}
		{58253E08-E7DD-45B2-9C8C-D7D09B64F6FE} = {174D90B2-9557-4A92-8248-860B91337EA6}
		{69011EC3-E05E-4D1C-BD82-0ED0B4EBA835} = {174D90B2-9557-4A92-8248-860B91337EA6}
		{3A9F283D-D78D-41FB-A29B-B721B78CF9A7} = {174D90B2-9557-4A92-8248-860B91337EA6}
		{B26AFA20-9212-4509-ADB7-C6E82FDF9F3A} = {31E4EBFA-524F-45AE-8DAC-32BFA0F67E37}
		{B3CEEFE2-F815-4287-9167-D7FC62B265C3} = {B26AFA20-9212-4509-ADB7-C6E82FDF9F3A}
		{70AF4FDE-3F20-4AB2-897A-63C3E4500A98} = {B26AFA20-9212-4509-ADB7-C6E82FDF9F3A}
		{9500BD47-3C21-4366-A74B-46E9BCE76907} = {B26AFA20-9212-4509-ADB7-C6E82FDF9F3A}
		{4D1A1551-7923-4C45-B172-39D866AA5FCC} = {B26AFA20-9212-4509-ADB7-C6E82FDF9F3A}
		{6B75B458-439A-4671-B567-0C25F6C9F19B} = {B26AFA20-9212-4509-ADB7-C6E82FDF9F3A}
		{DF53A784-45FD-460C-BBE4-48020FA25ADE} = {1E49C382-EDAC-41E5-A84C-8DD8D2681059}
		{2F40E69F-C9F9-400E-B40A-7C0626E3E23F} = {DF53A784-45FD-460C-BBE4-48020FA25ADE}
		{1B78EBC4-E1E8-47E9-96BD-67623FE15783} = {DF53A784-45FD-460C-BBE4-48020FA25ADE}
		{D75FF8A7-10FC-46EB-B73D-FE5395561A72} = {DF53A784-45FD-460C-BBE4-48020FA25ADE}
		{8D407B95-911B-4595-AD64-2F6A53D1E006} = {DF53A784-45FD-460C-BBE4-48020FA25ADE}
		{5E3B1523-90C5-4F1F-856E-F4C214509097} = {DF53A784-45FD-460C-BBE4-48020FA25ADE}
		{ABC01F70-6024-4E03-BAEE-5AF63303E5D6} = {1E49C382-EDAC-41E5-A84C-8DD8D2681059}
		{7D1F8F5D-9E09-4814-9C97-5F65ACF04370} = {ABC01F70-6024-4E03-BAEE-5AF63303E5D6}
		{EC62A29A-7951-4C32-AB88-A9635349FBAD} = {ABC01F70-6024-4E03-BAEE-5AF63303E5D6}
		{B15B039B-E7EC-4D2C-9806-0839578AF67F} = {ABC01F70-6024-4E03-BAEE-5AF63303E5D6}
		{26570A47-8B76-4F70-BB34-5E0A9F8F77A9} = {ABC01F70-6024-4E03-BAEE-5AF63303E5D6}
		{04990983-B43C-4E6C-81E6-EC67C86EF84A} = {ABC01F70-6024-4E03-BAEE-5AF63303E5D6}
		{EE19C06B-4429-4239-8DA8-056C6E61D76E} = {ABC01F70-6024-4E03-BAEE-5AF63303E5D6}
		{0170E7D9-A14F-4720-8832-90C4878C2A18} = {ABC01F70-6024-4E03-BAEE-5AF63303E5D6}
		{8CCFEDE5-9EB3-4DA6-BD9F-EB8127796F6B} = {ABC01F70-6024-4E03-BAEE-5AF63303E5D6}
		{2E1A17CE-5DDF-4353-BDED-A758940E74C6} = {ABC01F70-6024-4E03-BAEE-5AF63303E5D6}
		{5887C990-A935-46D1-B9F3-08C973749B81} = {D8E05D5B-BA06-4800-8EB1-278EB3E55214}
		{C1B4DB07-EA22-4A16-B0C7-BBEDA969BAEA} = {5887C990-A935-46D1-B9F3-08C973749B81}
		{745A53B1-2049-48C1-B5BF-FDA807CA23EA} = {D8E05D5B-BA06-4800-8EB1-278EB3E55214}
		{67CE800F-AB77-498D-B2A6-B6D38B6D59BA} = {745A53B1-2049-48C1-B5BF-FDA807CA23EA}
		{96335A94-D295-4084-81B2-7B908AFE2510} = {745A53B1-2049-48C1-B5BF-FDA807CA23EA}
		{EFC3E411-359A-44FF-88A3-5BA4BDE3BE09} = {745A53B1-2049-48C1-B5BF-FDA807CA23EA}
		{80C8F6AD-78CA-48D8-B5CF-4940FDBEB796} = {745A53B1-2049-48C1-B5BF-FDA807CA23EA}
		{6003B9B0-5409-46C1-981F-0900D95B4CD6} = {745A53B1-2049-48C1-B5BF-FDA807CA23EA}
		{3145B9B1-A57E-428B-B8C8-9FDC766483C8} = {E9A9E7A1-0F64-4056-A551-7DD73AC4FAEF}
		{B5CF4C39-E12C-4F92-983A-FA154AD5EF83} = {C21C465E-E2CE-47D2-ADFC-276A78F410CD}
		{260CE12F-C322-4FDC-978A-BEDE57AB920D} = {B5CF4C39-E12C-4F92-983A-FA154AD5EF83}
		{111B82AA-71DE-459A-97C8-AC5DEE1FA9FA} = {B5CF4C39-E12C-4F92-983A-FA154AD5EF83}
		{F7852BEE-C9CA-4B24-9663-C6947E284928} = {C21C465E-E2CE-47D2-ADFC-276A78F410CD}
		{F2D90498-5D63-4ABF-9EB7-3CFABE3E21E3} = {F7852BEE-C9CA-4B24-9663-C6947E284928}
		{FF23A4DD-DE53-4329-9F86-088D999E90E3} = {F7852BEE-C9CA-4B24-9663-C6947E284928}
		{BBBC358B-5774-4739-AF7F-BA460EAB46F5} = {F7852BEE-C9CA-4B24-9663-C6947E284928}
		{4656156B-1AB0-436F-97E6-597ED6C99CA5} = {F7852BEE-C9CA-4B24-9663-C6947E284928}
		{209C9EF8-6F54-4C8B-88B4-BBEC95EF89CA} = {A7A0537D-F1F2-4A2E-8CFB-F36055056142}
		{D269FBFC-939B-45EC-902A-578DB3BE745E} = {209C9EF8-6F54-4C8B-88B4-BBEC95EF89CA}
		{8FB0DC0A-3147-4FAA-8B6F-A2AAEBF4DAB5} = {A7A0537D-F1F2-4A2E-8CFB-F36055056142}
		{A043F7BC-48A8-40BE-B193-023525365FEC} = {8FB0DC0A-3147-4FAA-8B6F-A2AAEBF4DAB5}
		{DDAFAD01-23C9-4BB6-82EC-D78C4C5448DA} = {8FB0DC0A-3147-4FAA-8B6F-A2AAEBF4DAB5}
		{291FAA4B-F47A-4AD3-8C76-00FA0763872E} = {8FB0DC0A-3147-4FAA-8B6F-A2AAEBF4DAB5}
		{B64FFF09-D041-4521-A979-6E864C2F24C4} = {8FB0DC0A-3147-4FAA-8B6F-A2AAEBF4DAB5}
	EndGlobalSection
	GlobalSection(ExtensibilityGlobals) = postSolution
		SolutionGuid = {0E8B68F7-F87D-4803-AA8F-6D604B70EB16}
	EndGlobalSection
EndGlobal
